// !$*UTF8*$!
{
	archiveVersion = 1;
	classes = {
	};
	objectVersion = 51;
	objects = {

/* Begin PBXBuildFile section */
		8DEF586F2665823200310F32 /* AppDelegate.swift in Sources */ = {isa = PBXBuildFile; fileRef = 8DEF586E2665823200310F32 /* AppDelegate.swift */; };
		8DEF58712665823200310F32 /* SceneDelegate.swift in Sources */ = {isa = PBXBuildFile; fileRef = 8DEF58702665823200310F32 /* SceneDelegate.swift */; };
		8DEF58732665823200310F32 /* ViewController.swift in Sources */ = {isa = PBXBuildFile; fileRef = 8DEF58722665823200310F32 /* ViewController.swift */; };
		8DEF58762665823200310F32 /* Main.storyboard in Resources */ = {isa = PBXBuildFile; fileRef = 8DEF58742665823200310F32 /* Main.storyboard */; };
		8DEF58782665823400310F32 /* Assets.xcassets in Resources */ = {isa = PBXBuildFile; fileRef = 8DEF58772665823400310F32 /* Assets.xcassets */; };
		8DEF587B2665823400310F32 /* LaunchScreen.storyboard in Resources */ = {isa = PBXBuildFile; fileRef = 8DEF58792665823400310F32 /* LaunchScreen.storyboard */; };
		8DEF588326658C2600310F32 /* photo.jpg in Resources */ = {isa = PBXBuildFile; fileRef = 8DEF588226658C2600310F32 /* photo.jpg */; };
		8DEF588526659A8D00310F32 /* vid.mp4 in Resources */ = {isa = PBXBuildFile; fileRef = 8DEF5884266591DB00310F32 /* vid.mp4 */; };
		91D1AC2B2A3C37D700741292 /* Pods_InstaShare.framework in Frameworks */ = {isa = PBXBuildFile; fileRef = 38589802D4805C8C7FC23E86 /* Pods_InstaShare.framework */; };
/* End PBXBuildFile section */

/* Begin PBXFileReference section */
		2950226503C7C56534979BAC /* Pods-InstaShare.debug.xcconfig */ = {isa = PBXFileReference; includeInIndex = 1; lastKnownFileType = text.xcconfig; name = "Pods-InstaShare.debug.xcconfig"; path = "Target Support Files/Pods-InstaShare/Pods-InstaShare.debug.xcconfig"; sourceTree = "<group>"; };
		38589802D4805C8C7FC23E86 /* Pods_InstaShare.framework */ = {isa = PBXFileReference; explicitFileType = wrapper.framework; includeInIndex = 0; path = Pods_InstaShare.framework; sourceTree = BUILT_PRODUCTS_DIR; };
		8DEF586B2665823200310F32 /* InstaShare.app */ = {isa = PBXFileReference; explicitFileType = wrapper.application; includeInIndex = 0; path = InstaShare.app; sourceTree = BUILT_PRODUCTS_DIR; };
		8DEF586E2665823200310F32 /* AppDelegate.swift */ = {isa = PBXFileReference; lastKnownFileType = sourcecode.swift; path = AppDelegate.swift; sourceTree = "<group>"; };
		8DEF58702665823200310F32 /* SceneDelegate.swift */ = {isa = PBXFileReference; lastKnownFileType = sourcecode.swift; path = SceneDelegate.swift; sourceTree = "<group>"; };
		8DEF58722665823200310F32 /* ViewController.swift */ = {isa = PBXFileReference; lastKnownFileType = sourcecode.swift; path = ViewController.swift; sourceTree = "<group>"; };
		8DEF58752665823200310F32 /* Base */ = {isa = PBXFileReference; lastKnownFileType = file.storyboard; name = Base; path = Base.lproj/Main.storyboard; sourceTree = "<group>"; };
		8DEF58772665823400310F32 /* Assets.xcassets */ = {isa = PBXFileReference; lastKnownFileType = folder.assetcatalog; path = Assets.xcassets; sourceTree = "<group>"; };
		8DEF587A2665823400310F32 /* Base */ = {isa = PBXFileReference; lastKnownFileType = file.storyboard; name = Base; path = Base.lproj/LaunchScreen.storyboard; sourceTree = "<group>"; };
		8DEF587C2665823400310F32 /* Info.plist */ = {isa = PBXFileReference; lastKnownFileType = text.plist.xml; path = Info.plist; sourceTree = "<group>"; };
		8DEF588226658C2600310F32 /* photo.jpg */ = {isa = PBXFileReference; lastKnownFileType = image.jpeg; path = photo.jpg; sourceTree = "<group>"; };
		8DEF5884266591DB00310F32 /* vid.mp4 */ = {isa = PBXFileReference; lastKnownFileType = file; path = vid.mp4; sourceTree = "<group>"; };
		91D1AC272A3C373F00741292 /* InstaShare.entitlements */ = {isa = PBXFileReference; lastKnownFileType = text.plist.entitlements; path = InstaShare.entitlements; sourceTree = "<group>"; };
		AE3220855D6287D92606CCA9 /* Pods-InstaShare.release.xcconfig */ = {isa = PBXFileReference; includeInIndex = 1; lastKnownFileType = text.xcconfig; name = "Pods-InstaShare.release.xcconfig"; path = "Target Support Files/Pods-InstaShare/Pods-InstaShare.release.xcconfig"; sourceTree = "<group>"; };
/* End PBXFileReference section */

/* Begin PBXFrameworksBuildPhase section */
		8DEF58682665823200310F32 /* Frameworks */ = {
			isa = PBXFrameworksBuildPhase;
			buildActionMask = 2147483647;
			files = (
				91D1AC2B2A3C37D700741292 /* Pods_InstaShare.framework in Frameworks */,
			);
			runOnlyForDeploymentPostprocessing = 0;
		};
/* End PBXFrameworksBuildPhase section */

/* Begin PBXGroup section */
		74CE96E2896D58CA36F9623F /* Pods */ = {
			isa = PBXGroup;
			children = (
				2950226503C7C56534979BAC /* Pods-InstaShare.debug.xcconfig */,
				AE3220855D6287D92606CCA9 /* Pods-InstaShare.release.xcconfig */,
			);
			path = Pods;
			sourceTree = "<group>";
		};
		8DEF58622665823200310F32 = {
			isa = PBXGroup;
			children = (
				8DEF586D2665823200310F32 /* InstaShare */,
				8DEF586C2665823200310F32 /* Products */,
				74CE96E2896D58CA36F9623F /* Pods */,
				FC72A3D3CEF78775B53B4ABB /* Frameworks */,
			);
			sourceTree = "<group>";
		};
		8DEF586C2665823200310F32 /* Products */ = {
			isa = PBXGroup;
			children = (
				8DEF586B2665823200310F32 /* InstaShare.app */,
			);
			name = Products;
			sourceTree = "<group>";
		};
		8DEF586D2665823200310F32 /* InstaShare */ = {
			isa = PBXGroup;
			children = (
				91D1AC272A3C373F00741292 /* InstaShare.entitlements */,
				8DEF5884266591DB00310F32 /* vid.mp4 */,
				8DEF588226658C2600310F32 /* photo.jpg */,
				8DEF586E2665823200310F32 /* AppDelegate.swift */,
				8DEF58702665823200310F32 /* SceneDelegate.swift */,
				8DEF58722665823200310F32 /* ViewController.swift */,
				8DEF58742665823200310F32 /* Main.storyboard */,
				8DEF58772665823400310F32 /* Assets.xcassets */,
				8DEF58792665823400310F32 /* LaunchScreen.storyboard */,
				8DEF587C2665823400310F32 /* Info.plist */,
			);
			path = InstaShare;
			sourceTree = "<group>";
		};
		FC72A3D3CEF78775B53B4ABB /* Frameworks */ = {
			isa = PBXGroup;
			children = (
				38589802D4805C8C7FC23E86 /* Pods_InstaShare.framework */,
			);
			name = Frameworks;
			sourceTree = "<group>";
		};
/* End PBXGroup section */

/* Begin PBXNativeTarget section */
		8DEF586A2665823200310F32 /* InstaShare */ = {
			isa = PBXNativeTarget;
			buildConfigurationList = 8DEF587F2665823400310F32 /* Build configuration list for PBXNativeTarget "InstaShare" */;
			buildPhases = (
				5C2F07EB73FF621C3ED14DEF /* [CP] Check Pods Manifest.lock */,
				8DEF58672665823200310F32 /* Sources */,
				8DEF58682665823200310F32 /* Frameworks */,
				8DEF58692665823200310F32 /* Resources */,
				303B25EFDF61EC8C70C25B51 /* [CP] Copy Pods Resources */,
			);
			buildRules = (
			);
			dependencies = (
			);
			name = InstaShare;
			productName = InstaShare;
			productReference = 8DEF586B2665823200310F32 /* InstaShare.app */;
			productType = "com.apple.product-type.application";
		};
/* End PBXNativeTarget section */

/* Begin PBXProject section */
		8DEF58632665823200310F32 /* Project object */ = {
			isa = PBXProject;
			attributes = {
				LastSwiftUpdateCheck = 1250;
				LastUpgradeCheck = 1250;
				TargetAttributes = {
					8DEF586A2665823200310F32 = {
						CreatedOnToolsVersion = 12.5;
					};
				};
			};
			buildConfigurationList = 8DEF58662665823200310F32 /* Build configuration list for PBXProject "InstaShare" */;
			compatibilityVersion = "Xcode 9.3";
			developmentRegion = en;
			hasScannedForEncodings = 0;
			knownRegions = (
				en,
				Base,
			);
			mainGroup = 8DEF58622665823200310F32;
			productRefGroup = 8DEF586C2665823200310F32 /* Products */;
			projectDirPath = "";
			projectRoot = "";
			targets = (
				8DEF586A2665823200310F32 /* InstaShare */,
			);
		};
/* End PBXProject section */

/* Begin PBXResourcesBuildPhase section */
		8DEF58692665823200310F32 /* Resources */ = {
			isa = PBXResourcesBuildPhase;
			buildActionMask = 2147483647;
			files = (
				8DEF587B2665823400310F32 /* LaunchScreen.storyboard in Resources */,
				8DEF588326658C2600310F32 /* photo.jpg in Resources */,
				8DEF58782665823400310F32 /* Assets.xcassets in Resources */,
				8DEF588526659A8D00310F32 /* vid.mp4 in Resources */,
				8DEF58762665823200310F32 /* Main.storyboard in Resources */,
			);
			runOnlyForDeploymentPostprocessing = 0;
		};
/* End PBXResourcesBuildPhase section */

/* Begin PBXShellScriptBuildPhase section */
		303B25EFDF61EC8C70C25B51 /* [CP] Copy Pods Resources */ = {
			isa = PBXShellScriptBuildPhase;
			buildActionMask = 2147483647;
			files = (
			);
			inputFileListPaths = (
				"${PODS_ROOT}/Target Support Files/Pods-InstaShare/Pods-InstaShare-resources-${CONFIGURATION}-input-files.xcfilelist",
			);
			name = "[CP] Copy Pods Resources";
			outputFileListPaths = (
				"${PODS_ROOT}/Target Support Files/Pods-InstaShare/Pods-InstaShare-resources-${CONFIGURATION}-output-files.xcfilelist",
			);
			runOnlyForDeploymentPostprocessing = 0;
			shellPath = /bin/sh;
			shellScript = "\"${PODS_ROOT}/Target Support Files/Pods-InstaShare/Pods-InstaShare-resources.sh\"\n";
			showEnvVarsInLog = 0;
		};
		5C2F07EB73FF621C3ED14DEF /* [CP] Check Pods Manifest.lock */ = {
			isa = PBXShellScriptBuildPhase;
			buildActionMask = 2147483647;
			files = (
			);
			inputFileListPaths = (
			);
			inputPaths = (
				"${PODS_PODFILE_DIR_PATH}/Podfile.lock",
				"${PODS_ROOT}/Manifest.lock",
			);
			name = "[CP] Check Pods Manifest.lock";
			outputFileListPaths = (
			);
			outputPaths = (
				"$(DERIVED_FILE_DIR)/Pods-InstaShare-checkManifestLockResult.txt",
			);
			runOnlyForDeploymentPostprocessing = 0;
			shellPath = /bin/sh;
			shellScript = "diff \"${PODS_PODFILE_DIR_PATH}/Podfile.lock\" \"${PODS_ROOT}/Manifest.lock\" > /dev/null\nif [ $? != 0 ] ; then\n    # print error to STDERR\n    echo \"error: The sandbox is not in sync with the Podfile.lock. Run 'pod install' or update your CocoaPods installation.\" >&2\n    exit 1\nfi\n# This output is used by Xcode 'outputs' to avoid re-running this script phase.\necho \"SUCCESS\" > \"${SCRIPT_OUTPUT_FILE_0}\"\n";
			showEnvVarsInLog = 0;
		};
/* End PBXShellScriptBuildPhase section */

/* Begin PBXSourcesBuildPhase section */
		8DEF58672665823200310F32 /* Sources */ = {
			isa = PBXSourcesBuildPhase;
			buildActionMask = 2147483647;
			files = (
				8DEF58732665823200310F32 /* ViewController.swift in Sources */,
				8DEF586F2665823200310F32 /* AppDelegate.swift in Sources */,
				8DEF58712665823200310F32 /* SceneDelegate.swift in Sources */,
			);
			runOnlyForDeploymentPostprocessing = 0;
		};
/* End PBXSourcesBuildPhase section */

/* Begin PBXVariantGroup section */
		8DEF58742665823200310F32 /* Main.storyboard */ = {
			isa = PBXVariantGroup;
			children = (
				8DEF58752665823200310F32 /* Base */,
			);
			name = Main.storyboard;
			sourceTree = "<group>";
		};
		8DEF58792665823400310F32 /* LaunchScreen.storyboard */ = {
			isa = PBXVariantGroup;
			children = (
				8DEF587A2665823400310F32 /* Base */,
			);
			name = LaunchScreen.storyboard;
			sourceTree = "<group>";
		};
/* End PBXVariantGroup section */

/* Begin XCBuildConfiguration section */
		8DEF587D2665823400310F32 /* Debug */ = {
			isa = XCBuildConfiguration;
			buildSettings = {
				ALWAYS_SEARCH_USER_PATHS = NO;
				CLANG_ANALYZER_NONNULL = YES;
				CLANG_ANALYZER_NUMBER_OBJECT_CONVERSION = YES_AGGRESSIVE;
				CLANG_CXX_LANGUAGE_STANDARD = "gnu++14";
				CLANG_CXX_LIBRARY = "libc++";
				CLANG_ENABLE_MODULES = YES;
				CLANG_ENABLE_OBJC_ARC = YES;
				CLANG_ENABLE_OBJC_WEAK = YES;
				CLANG_WARN_BLOCK_CAPTURE_AUTORELEASING = YES;
				CLANG_WARN_BOOL_CONVERSION = YES;
				CLANG_WARN_COMMA = YES;
				CLANG_WARN_CONSTANT_CONVERSION = YES;
				CLANG_WARN_DEPRECATED_OBJC_IMPLEMENTATIONS = YES;
				CLANG_WARN_DIRECT_OBJC_ISA_USAGE = YES_ERROR;
				CLANG_WARN_DOCUMENTATION_COMMENTS = YES;
				CLANG_WARN_EMPTY_BODY = YES;
				CLANG_WARN_ENUM_CONVERSION = YES;
				CLANG_WARN_INFINITE_RECURSION = YES;
				CLANG_WARN_INT_CONVERSION = YES;
				CLANG_WARN_NON_LITERAL_NULL_CONVERSION = YES;
				CLANG_WARN_OBJC_IMPLICIT_RETAIN_SELF = YES;
				CLANG_WARN_OBJC_LITERAL_CONVERSION = YES;
				CLANG_WARN_OBJC_ROOT_CLASS = YES_ERROR;
				CLANG_WARN_QUOTED_INCLUDE_IN_FRAMEWORK_HEADER = YES;
				CLANG_WARN_RANGE_LOOP_ANALYSIS = YES;
				CLANG_WARN_STRICT_PROTOTYPES = YES;
				CLANG_WARN_SUSPICIOUS_MOVE = YES;
				CLANG_WARN_UNGUARDED_AVAILABILITY = YES_AGGRESSIVE;
				CLANG_WARN_UNREACHABLE_CODE = YES;
				CLANG_WARN__DUPLICATE_METHOD_MATCH = YES;
				COPY_PHASE_STRIP = NO;
				DEBUG_INFORMATION_FORMAT = dwarf;
				ENABLE_STRICT_OBJC_MSGSEND = YES;
				ENABLE_TESTABILITY = YES;
				GCC_C_LANGUAGE_STANDARD = gnu11;
				GCC_DYNAMIC_NO_PIC = NO;
				GCC_NO_COMMON_BLOCKS = YES;
				GCC_OPTIMIZATION_LEVEL = 0;
				GCC_PREPROCESSOR_DEFINITIONS = (
					"DEBUG=1",
					"$(inherited)",
				);
				GCC_WARN_64_TO_32_BIT_CONVERSION = YES;
				GCC_WARN_ABOUT_RETURN_TYPE = YES_ERROR;
				GCC_WARN_UNDECLARED_SELECTOR = YES;
				GCC_WARN_UNINITIALIZED_AUTOS = YES_AGGRESSIVE;
				GCC_WARN_UNUSED_FUNCTION = YES;
				GCC_WARN_UNUSED_VARIABLE = YES;
				IPHONEOS_DEPLOYMENT_TARGET = 14.5;
				MTL_ENABLE_DEBUG_INFO = INCLUDE_SOURCE;
				MTL_FAST_MATH = YES;
				ONLY_ACTIVE_ARCH = YES;
				SDKROOT = iphoneos;
				SWIFT_ACTIVE_COMPILATION_CONDITIONS = DEBUG;
				SWIFT_OPTIMIZATION_LEVEL = "-Onone";
			};
			name = Debug;
		};
		8DEF587E2665823400310F32 /* Release */ = {
			isa = XCBuildConfiguration;
			buildSettings = {
				ALWAYS_SEARCH_USER_PATHS = NO;
				CLANG_ANALYZER_NONNULL = YES;
				CLANG_ANALYZER_NUMBER_OBJECT_CONVERSION = YES_AGGRESSIVE;
				CLANG_CXX_LANGUAGE_STANDARD = "gnu++14";
				CLANG_CXX_LIBRARY = "libc++";
				CLANG_ENABLE_MODULES = YES;
				CLANG_ENABLE_OBJC_ARC = YES;
				CLANG_ENABLE_OBJC_WEAK = YES;
				CLANG_WARN_BLOCK_CAPTURE_AUTORELEASING = YES;
				CLANG_WARN_BOOL_CONVERSION = YES;
				CLANG_WARN_COMMA = YES;
				CLANG_WARN_CONSTANT_CONVERSION = YES;
				CLANG_WARN_DEPRECATED_OBJC_IMPLEMENTATIONS = YES;
				CLANG_WARN_DIRECT_OBJC_ISA_USAGE = YES_ERROR;
				CLANG_WARN_DOCUMENTATION_COMMENTS = YES;
				CLANG_WARN_EMPTY_BODY = YES;
				CLANG_WARN_ENUM_CONVERSION = YES;
				CLANG_WARN_INFINITE_RECURSION = YES;
				CLANG_WARN_INT_CONVERSION = YES;
				CLANG_WARN_NON_LITERAL_NULL_CONVERSION = YES;
				CLANG_WARN_OBJC_IMPLICIT_RETAIN_SELF = YES;
				CLANG_WARN_OBJC_LITERAL_CONVERSION = YES;
				CLANG_WARN_OBJC_ROOT_CLASS = YES_ERROR;
				CLANG_WARN_QUOTED_INCLUDE_IN_FRAMEWORK_HEADER = YES;
				CLANG_WARN_RANGE_LOOP_ANALYSIS = YES;
				CLANG_WARN_STRICT_PROTOTYPES = YES;
				CLANG_WARN_SUSPICIOUS_MOVE = YES;
				CLANG_WARN_UNGUARDED_AVAILABILITY = YES_AGGRESSIVE;
				CLANG_WARN_UNREACHABLE_CODE = YES;
				CLANG_WARN__DUPLICATE_METHOD_MATCH = YES;
				COPY_PHASE_STRIP = NO;
				DEBUG_INFORMATION_FORMAT = "dwarf-with-dsym";
				ENABLE_NS_ASSERTIONS = NO;
				ENABLE_STRICT_OBJC_MSGSEND = YES;
				GCC_C_LANGUAGE_STANDARD = gnu11;
				GCC_NO_COMMON_BLOCKS = YES;
				GCC_WARN_64_TO_32_BIT_CONVERSION = YES;
				GCC_WARN_ABOUT_RETURN_TYPE = YES_ERROR;
				GCC_WARN_UNDECLARED_SELECTOR = YES;
				GCC_WARN_UNINITIALIZED_AUTOS = YES_AGGRESSIVE;
				GCC_WARN_UNUSED_FUNCTION = YES;
				GCC_WARN_UNUSED_VARIABLE = YES;
				IPHONEOS_DEPLOYMENT_TARGET = 14.5;
				MTL_ENABLE_DEBUG_INFO = NO;
				MTL_FAST_MATH = YES;
				SDKROOT = iphoneos;
				SWIFT_COMPILATION_MODE = wholemodule;
				SWIFT_OPTIMIZATION_LEVEL = "-O";
				VALIDATE_PRODUCT = YES;
			};
			name = Release;
		};
		8DEF58802665823400310F32 /* Debug */ = {
			isa = XCBuildConfiguration;
			baseConfigurationReference = 2950226503C7C56534979BAC /* Pods-InstaShare.debug.xcconfig */;
			buildSettings = {
				ASSETCATALOG_COMPILER_APPICON_NAME = AppIcon;
				ASSETCATALOG_COMPILER_GLOBAL_ACCENT_COLOR_NAME = AccentColor;
				CODE_SIGN_ENTITLEMENTS = InstaShare/InstaShare.entitlements;
				CODE_SIGN_STYLE = Automatic;
				DEVELOPMENT_TEAM = 48986B8TYS;
				INFOPLIST_FILE = InstaShare/Info.plist;
				LD_RUNPATH_SEARCH_PATHS = (
					"$(inherited)",
					"@executable_path/Frameworks",
				);
				OTHER_LDFLAGS = (
					"$(inherited)",
					"-ObjC",
					"-framework",
					"\"BrazeKit\"",
					"-framework",
					"\"BrazeUI\"",
				);
				PRODUCT_BUNDLE_IDENTIFIER = com.test.swift.InstaShare;
				PRODUCT_NAME = "$(TARGET_NAME)";
				SWIFT_VERSION = 5.0;
				TARGETED_DEVICE_FAMILY = "1,2";
			};
			name = Debug;
		};
		8DEF58812665823400310F32 /* Release */ = {
			isa = XCBuildConfiguration;
			baseConfigurationReference = AE3220855D6287D92606CCA9 /* Pods-InstaShare.release.xcconfig */;
			buildSettings = {
				ASSETCATALOG_COMPILER_APPICON_NAME = AppIcon;
				ASSETCATALOG_COMPILER_GLOBAL_ACCENT_COLOR_NAME = AccentColor;
				CODE_SIGN_ENTITLEMENTS = InstaShare/InstaShare.entitlements;
				CODE_SIGN_STYLE = Automatic;
				DEVELOPMENT_TEAM = 48986B8TYS;
				INFOPLIST_FILE = InstaShare/Info.plist;
				LD_RUNPATH_SEARCH_PATHS = (
					"$(inherited)",
					"@executable_path/Frameworks",
				);
				OTHER_LDFLAGS = (
					"$(inherited)",
					"-ObjC",
					"-framework",
					"\"BrazeKit\"",
					"-framework",
					"\"BrazeUI\"",
				);
				PRODUCT_BUNDLE_IDENTIFIER = com.test.swift.InstaShare;
				PRODUCT_NAME = "$(TARGET_NAME)";
				SWIFT_VERSION = 5.0;
				TARGETED_DEVICE_FAMILY = "1,2";
			};
			name = Release;
		};
/* End XCBuildConfiguration section */

/* Begin XCConfigurationList section */
		8DEF58662665823200310F32 /* Build configuration list for PBXProject "InstaShare" */ = {
			isa = XCConfigurationList;
			buildConfigurations = (
				8DEF587D2665823400310F32 /* Debug */,
				8DEF587E2665823400310F32 /* Release */,
			);
			defaultConfigurationIsVisible = 0;
			defaultConfigurationName = Release;
		};
		8DEF587F2665823400310F32 /* Build configuration list for PBXNativeTarget "InstaShare" */ = {
			isa = XCConfigurationList;
			buildConfigurations = (
				8DEF58802665823400310F32 /* Debug */,
				8DEF58812665823400310F32 /* Release */,
			);
			defaultConfigurationIsVisible = 0;
			defaultConfigurationName = Release;
		};
/* End XCConfigurationList section */
	};
	rootObject = 8DEF58632665823200310F32 /* Project object */;
}
